{
  "name": "@ols-cli/lightspeed",
  "version": "0.2.0",
  "lockfileVersion": 3,
  "requires": true,
  "packages": {
    "": {
      "name": "@ols-cli/lightspeed",
      "version": "0.2.0",
      "license": "Apache-2.0",
      "dependencies": {
        "@ols-cli/client": "^0.2.0"
      },
      "bin": {
        "ols": "bin/ols.js"
      },
      "engines": {
        "node": ">=20.6.0"
      }
    },
    "node_modules/@ols-cli/client": {
      "version": "0.2.0",
      "resolved": "https://registry.npmjs.org/@ols-cli/client/-/client-0.2.0.tgz",
      "integrity": "sha512-M+CsWJwnKMc9SP5QuhjI75Kck4BRy/QKYuqfo5ElFqEPF4BDS9rbHIPxBxl9ec09IJPEHreScOhFzonU7wxU3w==",
      "license": "Apache-2.0",
      "engines": {
        "node": ">=20.6.0"
      }
    },
    "packages/agent": {
      "name": "@mariozechner/pi-agent-core",
      "version": "0.66.1",
      "extraneous": true,
      "license": "MIT",
      "dependencies": {
        "@mariozechner/pi-ai": "^0.66.1"
      },
      "devDependencies": {
        "@types/node": "^24.3.0",
        "typescript": "^5.7.3",
        "vitest": "^3.2.4"
      },
      "engines": {
        "node": ">=20.0.0"
      }
    },
    "packages/ai": {
      "name": "@mariozechner/pi-ai",
      "version": "0.66.1",
      "extraneous": true,
      "license": "MIT",
      "dependencies": {
        "@anthropic-ai/sdk": "^0.73.0",
        "@aws-sdk/client-bedrock-runtime": "^3.983.0",
        "@google/genai": "^1.40.0",
        "@mistralai/mistralai": "1.14.1",
        "@sinclair/typebox": "^0.34.41",
        "ajv": "^8.17.1",
        "ajv-formats": "^3.0.1",
        "chalk": "^5.6.2",
        "openai": "6.26.0",
        "partial-json": "^0.1.7",
        "proxy-agent": "^6.5.0",
        "undici": "^7.19.1",
        "zod-to-json-schema": "^3.24.6"
      },
      "bin": {
        "pi-ai": "dist/cli.js"
      },
      "devDependencies": {
        "@types/node": "^24.3.0",
        "canvas": "^3.2.0",
        "vitest": "^3.2.4"
      },
      "engines": {
        "node": ">=20.0.0"
      }
    },
    "packages/coding-agent": {
      "name": "@mariozechner/pi-coding-agent",
      "version": "0.66.1",
      "extraneous": true,
      "license": "MIT",
      "dependencies": {
        "@mariozechner/jiti": "^2.6.2",
        "@mariozechner/pi-agent-core": "^0.66.1",
        "@mariozechner/pi-ai": "^0.66.1",
        "@mariozechner/pi-tui": "^0.66.1",
        "@silvia-odwyer/photon-node": "^0.3.4",
        "ajv": "^8.17.1",
        "chalk": "^5.5.0",
        "cli-highlight": "^2.1.11",
        "diff": "^8.0.2",
        "extract-zip": "^2.0.1",
        "file-type": "^21.1.1",
        "glob": "^13.0.1",
        "hosted-git-info": "^9.0.2",
        "ignore": "^7.0.5",
        "marked": "^15.0.12",
        "minimatch": "^10.2.3",
        "proper-lockfile": "^4.1.2",
        "strip-ansi": "^7.1.0",
        "undici": "^7.19.1",
        "yaml": "^2.8.2"
      },
      "bin": {
        "pi": "dist/cli.js"
      },
      "devDependencies": {
        "@types/diff": "^7.0.2",
        "@types/hosted-git-info": "^3.0.5",
        "@types/ms": "^2.1.0",
        "@types/node": "^24.3.0",
        "@types/proper-lockfile": "^4.1.4",
        "shx": "^0.4.0",
        "typescript": "^5.7.3",
        "vitest": "^3.2.4"
      },
      "engines": {
        "node": ">=20.6.0"
      },
      "optionalDependencies": {
        "@mariozechner/clipboard": "^0.3.2"
      }
    },
    "packages/coding-agent/examples/extensions/custom-provider-anthropic": {
      "name": "pi-extension-custom-provider-anthropic",
      "version": "1.17.1",
      "extraneous": true,
      "dependencies": {
        "@anthropic-ai/sdk": "^0.52.0"
      }
    },
    "packages/coding-agent/examples/extensions/custom-provider-gitlab-duo": {
      "name": "pi-extension-custom-provider-gitlab-duo",
      "version": "1.17.1",
      "extraneous": true
    },
    "packages/coding-agent/examples/extensions/custom-provider-qwen-cli": {
      "name": "pi-extension-custom-provider-qwen-cli",
      "version": "1.16.1",
      "extraneous": true
    },
    "packages/coding-agent/examples/extensions/with-deps": {
      "name": "pi-extension-with-deps",
      "version": "1.30.1",
      "extraneous": true,
      "dependencies": {
        "ms": "^2.1.3"
      },
      "devDependencies": {
        "@types/ms": "^2.1.0"
      }
    },
    "packages/mom": {
      "name": "@mariozechner/pi-mom",
      "version": "0.66.1",
      "extraneous": true,
      "license": "MIT",
      "dependencies": {
        "@anthropic-ai/sandbox-runtime": "^0.0.16",
        "@mariozechner/pi-agent-core": "^0.66.1",
        "@mariozechner/pi-ai": "^0.66.1",
        "@mariozechner/pi-coding-agent": "^0.66.1",
        "@sinclair/typebox": "^0.34.0",
        "@slack/socket-mode": "^2.0.0",
        "@slack/web-api": "^7.0.0",
        "chalk": "^5.6.2",
        "croner": "^9.1.0",
        "diff": "^8.0.2"
      },
      "bin": {
        "mom": "dist/main.js"
      },
      "devDependencies": {
        "@types/diff": "^7.0.2",
        "@types/node": "^24.3.0",
        "typescript": "^5.7.3"
      },
      "engines": {
        "node": ">=20.0.0"
      }
    },
    "packages/ols-cli": {
      "name": "@ols-cli/lightspeed",
      "version": "0.1.0",
      "extraneous": true,
      "license": "Apache-2.0",
      "dependencies": {
        "@mariozechner/pi-agent-core": "^0.66.1",
        "@mariozechner/pi-ai": "^0.66.1",
        "@mariozechner/pi-tui": "^0.66.1",
        "@ols-cli/client": "^0.1.0",
        "chalk": "^5.5.0",
        "undici": "^7.19.1"
      },
      "bin": {
        "ols": "dist/cli.js"
      },
      "engines": {
        "node": ">=20.6.0"
      }
    },
    "packages/pods": {
      "name": "@mariozechner/pi",
      "version": "0.66.1",
      "extraneous": true,
      "license": "MIT",
      "dependencies": {
        "@mariozechner/pi-agent-core": "^0.66.1",
        "chalk": "^5.5.0"
      },
      "bin": {
        "pi-pods": "dist/cli.js"
      },
      "devDependencies": {},
      "engines": {
        "node": ">=20.0.0"
      }
    },
    "packages/tui": {
      "name": "@mariozechner/pi-tui",
      "version": "0.66.1",
      "extraneous": true,
      "license": "MIT",
      "dependencies": {
        "@types/mime-types": "^2.1.4",
        "chalk": "^5.5.0",
        "get-east-asian-width": "^1.3.0",
        "marked": "^15.0.12",
        "mime-types": "^3.0.1"
      },
      "devDependencies": {
        "@xterm/headless": "^5.5.0",
        "@xterm/xterm": "^5.5.0"
      },
      "engines": {
        "node": ">=20.0.0"
      },
      "optionalDependencies": {
        "koffi": "^2.9.0"
      }
    },
    "packages/web-ui": {
      "name": "@mariozechner/pi-web-ui",
      "version": "0.66.1",
      "extraneous": true,
      "license": "MIT",
      "dependencies": {
        "@lmstudio/sdk": "^1.5.0",
        "@mariozechner/pi-ai": "^0.66.1",
        "@mariozechner/pi-tui": "^0.66.1",
        "docx-preview": "^0.3.7",
        "jszip": "^3.10.1",
        "lucide": "^0.544.0",
        "ollama": "^0.6.0",
        "pdfjs-dist": "5.4.394",
        "xlsx": "https://cdn.sheetjs.com/xlsx-0.20.3/xlsx-0.20.3.tgz"
      },
      "devDependencies": {
        "@mariozechner/mini-lit": "^0.2.0",
        "@tailwindcss/cli": "^4.0.0-beta.14",
        "concurrently": "^9.2.1",
        "typescript": "^5.7.3"
      },
      "peerDependencies": {
        "@mariozechner/mini-lit": "^0.2.0",
        "lit": "^3.3.1"
      }
    },
    "packages/web-ui/example": {
      "name": "pi-web-ui-example",
      "version": "1.54.1",
      "extraneous": true,
      "dependencies": {
        "@mariozechner/mini-lit": "^0.2.0",
        "@mariozechner/pi-ai": "file:../../ai",
        "@mariozechner/pi-web-ui": "file:../",
        "@tailwindcss/vite": "^4.1.17",
        "lit": "^3.3.1",
        "lucide": "^0.544.0"
      },
      "devDependencies": {
        "typescript": "^5.7.3",
        "vite": "^7.1.6"
      }
    }
  }
}
